// !$*UTF8*$!
{
	archiveVersion = 1;
	classes = {
	};
	objectVersion = 55;
	objects = {

/* Begin PBXBuildFile section */
		B26BE13327A44F9A00C978C9 /* AvatarView.swift in Sources */ = {isa = PBXBuildFile; fileRef = B26BE13227A44F9A00C978C9 /* AvatarView.swift */; };
		B2726AB4279072D5008558D1 /* LoginViewController.swift in Sources */ = {isa = PBXBuildFile; fileRef = B2726AB3279072D5008558D1 /* LoginViewController.swift */; };
		B28A54E02796012B00E69C00 /* FriendsTableViewCell.swift in Sources */ = {isa = PBXBuildFile; fileRef = B28A54DE2796012B00E69C00 /* FriendsTableViewCell.swift */; };
		B28A54E12796012B00E69C00 /* FriendsTableViewCell.xib in Resources */ = {isa = PBXBuildFile; fileRef = B28A54DF2796012B00E69C00 /* FriendsTableViewCell.xib */; };
		B28A54F02796127A00E69C00 /* User.swift in Sources */ = {isa = PBXBuildFile; fileRef = B28A54EF2796127A00E69C00 /* User.swift */; };
		B28A54F22796128900E69C00 /* Group.swift in Sources */ = {isa = PBXBuildFile; fileRef = B28A54F12796128900E69C00 /* Group.swift */; };
		B28A54F4279614EE00E69C00 /* FriendsViewController.swift in Sources */ = {isa = PBXBuildFile; fileRef = B28A54F3279614EE00E69C00 /* FriendsViewController.swift */; };
		B28A54F62796151700E69C00 /* UserGroupsViewController.swift in Sources */ = {isa = PBXBuildFile; fileRef = B28A54F52796151700E69C00 /* UserGroupsViewController.swift */; };
		B28A54F82796152D00E69C00 /* AllGroupsViewController.swift in Sources */ = {isa = PBXBuildFile; fileRef = B28A54F72796152D00E69C00 /* AllGroupsViewController.swift */; };
		B28A54FA2796153B00E69C00 /* GalleryViewController.swift in Sources */ = {isa = PBXBuildFile; fileRef = B28A54F92796153B00E69C00 /* GalleryViewController.swift */; };
		B28A55082798573700E69C00 /* GalleryCollectionViewCell.swift in Sources */ = {isa = PBXBuildFile; fileRef = B28A55062798573700E69C00 /* GalleryCollectionViewCell.swift */; };
		B28A55092798573700E69C00 /* GalleryCollectionViewCell.xib in Resources */ = {isa = PBXBuildFile; fileRef = B28A55072798573700E69C00 /* GalleryCollectionViewCell.xib */; };
		B2A6636C279DF87700FFADB0 /* FriendsViewController+Delegate.swift in Sources */ = {isa = PBXBuildFile; fileRef = B2A6636B279DF87700FFADB0 /* FriendsViewController+Delegate.swift */; };
		B2A6636E279DF8BE00FFADB0 /* FriendsViewController+DataSource.swift in Sources */ = {isa = PBXBuildFile; fileRef = B2A6636D279DF8BE00FFADB0 /* FriendsViewController+DataSource.swift */; };
		B2A66370279DF8F700FFADB0 /* FriendsViewController+DataFill.swift in Sources */ = {isa = PBXBuildFile; fileRef = B2A6636F279DF8F700FFADB0 /* FriendsViewController+DataFill.swift */; };
		B2DED43927874778008BB8B5 /* AppDelegate.swift in Sources */ = {isa = PBXBuildFile; fileRef = B2DED43827874778008BB8B5 /* AppDelegate.swift */; };
		B2DED43B27874778008BB8B5 /* SceneDelegate.swift in Sources */ = {isa = PBXBuildFile; fileRef = B2DED43A27874778008BB8B5 /* SceneDelegate.swift */; };
		B2DED44027874778008BB8B5 /* Main.storyboard in Resources */ = {isa = PBXBuildFile; fileRef = B2DED43E27874778008BB8B5 /* Main.storyboard */; };
		B2DED4422787477A008BB8B5 /* Assets.xcassets in Resources */ = {isa = PBXBuildFile; fileRef = B2DED4412787477A008BB8B5 /* Assets.xcassets */; };
		B2DED4452787477A008BB8B5 /* LaunchScreen.storyboard in Resources */ = {isa = PBXBuildFile; fileRef = B2DED4432787477A008BB8B5 /* LaunchScreen.storyboard */; };
/* End PBXBuildFile section */

/* Begin PBXFileReference section */
		B26BE13227A44F9A00C978C9 /* AvatarView.swift */ = {isa = PBXFileReference; lastKnownFileType = sourcecode.swift; path = AvatarView.swift; sourceTree = "<group>"; };
		B2726AB3279072D5008558D1 /* LoginViewController.swift */ = {isa = PBXFileReference; lastKnownFileType = sourcecode.swift; path = LoginViewController.swift; sourceTree = "<group>"; };
		B28A54DE2796012B00E69C00 /* FriendsTableViewCell.swift */ = {isa = PBXFileReference; lastKnownFileType = sourcecode.swift; path = FriendsTableViewCell.swift; sourceTree = "<group>"; };
		B28A54DF2796012B00E69C00 /* FriendsTableViewCell.xib */ = {isa = PBXFileReference; lastKnownFileType = file.xib; path = FriendsTableViewCell.xib; sourceTree = "<group>"; };
		B28A54EF2796127A00E69C00 /* User.swift */ = {isa = PBXFileReference; lastKnownFileType = sourcecode.swift; path = User.swift; sourceTree = "<group>"; };
		B28A54F12796128900E69C00 /* Group.swift */ = {isa = PBXFileReference; lastKnownFileType = sourcecode.swift; path = Group.swift; sourceTree = "<group>"; };
		B28A54F3279614EE00E69C00 /* FriendsViewController.swift */ = {isa = PBXFileReference; lastKnownFileType = sourcecode.swift; path = FriendsViewController.swift; sourceTree = "<group>"; };
		B28A54F52796151700E69C00 /* UserGroupsViewController.swift */ = {isa = PBXFileReference; lastKnownFileType = sourcecode.swift; path = UserGroupsViewController.swift; sourceTree = "<group>"; };
		B28A54F72796152D00E69C00 /* AllGroupsViewController.swift */ = {isa = PBXFileReference; lastKnownFileType = sourcecode.swift; path = AllGroupsViewController.swift; sourceTree = "<group>"; };
		B28A54F92796153B00E69C00 /* GalleryViewController.swift */ = {isa = PBXFileReference; lastKnownFileType = sourcecode.swift; path = GalleryViewController.swift; sourceTree = "<group>"; };
		B28A55062798573700E69C00 /* GalleryCollectionViewCell.swift */ = {isa = PBXFileReference; lastKnownFileType = sourcecode.swift; path = GalleryCollectionViewCell.swift; sourceTree = "<group>"; };
		B28A55072798573700E69C00 /* GalleryCollectionViewCell.xib */ = {isa = PBXFileReference; lastKnownFileType = file.xib; path = GalleryCollectionViewCell.xib; sourceTree = "<group>"; };
		B2A6636B279DF87700FFADB0 /* FriendsViewController+Delegate.swift */ = {isa = PBXFileReference; lastKnownFileType = sourcecode.swift; path = "FriendsViewController+Delegate.swift"; sourceTree = "<group>"; };
		B2A6636D279DF8BE00FFADB0 /* FriendsViewController+DataSource.swift */ = {isa = PBXFileReference; lastKnownFileType = sourcecode.swift; path = "FriendsViewController+DataSource.swift"; sourceTree = "<group>"; };
		B2A6636F279DF8F700FFADB0 /* FriendsViewController+DataFill.swift */ = {isa = PBXFileReference; lastKnownFileType = sourcecode.swift; path = "FriendsViewController+DataFill.swift"; sourceTree = "<group>"; };
		B2DED43527874778008BB8B5 /* VK UI.app */ = {isa = PBXFileReference; explicitFileType = wrapper.application; includeInIndex = 0; path = "VK UI.app"; sourceTree = BUILT_PRODUCTS_DIR; };
		B2DED43827874778008BB8B5 /* AppDelegate.swift */ = {isa = PBXFileReference; lastKnownFileType = sourcecode.swift; path = AppDelegate.swift; sourceTree = "<group>"; };
		B2DED43A27874778008BB8B5 /* SceneDelegate.swift */ = {isa = PBXFileReference; lastKnownFileType = sourcecode.swift; path = SceneDelegate.swift; sourceTree = "<group>"; };
		B2DED43F27874778008BB8B5 /* Base */ = {isa = PBXFileReference; lastKnownFileType = file.storyboard; name = Base; path = Base.lproj/Main.storyboard; sourceTree = "<group>"; };
		B2DED4412787477A008BB8B5 /* Assets.xcassets */ = {isa = PBXFileReference; lastKnownFileType = folder.assetcatalog; path = Assets.xcassets; sourceTree = "<group>"; };
		B2DED4442787477A008BB8B5 /* Base */ = {isa = PBXFileReference; lastKnownFileType = file.storyboard; name = Base; path = Base.lproj/LaunchScreen.storyboard; sourceTree = "<group>"; };
		B2DED4462787477A008BB8B5 /* Info.plist */ = {isa = PBXFileReference; lastKnownFileType = text.plist.xml; path = Info.plist; sourceTree = "<group>"; };
/* End PBXFileReference section */

/* Begin PBXFrameworksBuildPhase section */
		B2DED43227874778008BB8B5 /* Frameworks */ = {
			isa = PBXFrameworksBuildPhase;
			buildActionMask = 2147483647;
			files = (
			);
			runOnlyForDeploymentPostprocessing = 0;
		};
/* End PBXFrameworksBuildPhase section */

/* Begin PBXGroup section */
		B26BE12F27A44F6B00C978C9 /* View */ = {
			isa = PBXGroup;
			children = (
				B26BE13227A44F9A00C978C9 /* AvatarView.swift */,
			);
			path = View;
			sourceTree = "<group>";
		};
		B28A54DC2795FFF700E69C00 /* Controllers */ = {
			isa = PBXGroup;
			children = (
				B2A6636A279DF84100FFADB0 /* FriendsViewController */,
				B2726AB3279072D5008558D1 /* LoginViewController.swift */,
				B28A54F52796151700E69C00 /* UserGroupsViewController.swift */,
				B28A54F72796152D00E69C00 /* AllGroupsViewController.swift */,
				B28A54F92796153B00E69C00 /* GalleryViewController.swift */,
			);
			path = Controllers;
			sourceTree = "<group>";
		};
		B28A54EE2796124800E69C00 /* Model */ = {
			isa = PBXGroup;
			children = (
				B28A54EF2796127A00E69C00 /* User.swift */,
				B28A54F12796128900E69C00 /* Group.swift */,
			);
			path = Model;
			sourceTree = "<group>";
		};
		B28A54FB27984BBB00E69C00 /* Cells */ = {
			isa = PBXGroup;
			children = (
				B28A54DE2796012B00E69C00 /* FriendsTableViewCell.swift */,
				B28A54DF2796012B00E69C00 /* FriendsTableViewCell.xib */,
				B28A55062798573700E69C00 /* GalleryCollectionViewCell.swift */,
				B28A55072798573700E69C00 /* GalleryCollectionViewCell.xib */,
			);
			path = Cells;
			sourceTree = "<group>";
		};
		B2A6636A279DF84100FFADB0 /* FriendsViewController */ = {
			isa = PBXGroup;
			children = (
				B28A54F3279614EE00E69C00 /* FriendsViewController.swift */,
				B2A6636F279DF8F700FFADB0 /* FriendsViewController+DataFill.swift */,
				B2A6636D279DF8BE00FFADB0 /* FriendsViewController+DataSource.swift */,
				B2A6636B279DF87700FFADB0 /* FriendsViewController+Delegate.swift */,
			);
			path = FriendsViewController;
			sourceTree = "<group>";
		};
		B2DED42C27874778008BB8B5 = {
			isa = PBXGroup;
			children = (
				B2DED43727874778008BB8B5 /* VK UI */,
				B2DED43627874778008BB8B5 /* Products */,
			);
			sourceTree = "<group>";
		};
		B2DED43627874778008BB8B5 /* Products */ = {
			isa = PBXGroup;
			children = (
				B2DED43527874778008BB8B5 /* VK UI.app */,
			);
			name = Products;
			sourceTree = "<group>";
		};
		B2DED43727874778008BB8B5 /* VK UI */ = {
			isa = PBXGroup;
			children = (
				B26BE12F27A44F6B00C978C9 /* View */,
				B28A54EE2796124800E69C00 /* Model */,
				B28A54DC2795FFF700E69C00 /* Controllers */,
				B28A54FB27984BBB00E69C00 /* Cells */,
				B2DED43827874778008BB8B5 /* AppDelegate.swift */,
				B2DED43A27874778008BB8B5 /* SceneDelegate.swift */,
				B2DED43E27874778008BB8B5 /* Main.storyboard */,
				B2DED4412787477A008BB8B5 /* Assets.xcassets */,
				B2DED4432787477A008BB8B5 /* LaunchScreen.storyboard */,
				B2DED4462787477A008BB8B5 /* Info.plist */,
			);
			path = "VK UI";
			sourceTree = "<group>";
		};
/* End PBXGroup section */

/* Begin PBXNativeTarget section */
		B2DED43427874778008BB8B5 /* VK UI */ = {
			isa = PBXNativeTarget;
			buildConfigurationList = B2DED4492787477A008BB8B5 /* Build configuration list for PBXNativeTarget "VK UI" */;
			buildPhases = (
				B2DED43127874778008BB8B5 /* Sources */,
				B2DED43227874778008BB8B5 /* Frameworks */,
				B2DED43327874778008BB8B5 /* Resources */,
			);
			buildRules = (
			);
			dependencies = (
			);
			name = "VK UI";
			productName = "VK UI";
			productReference = B2DED43527874778008BB8B5 /* VK UI.app */;
			productType = "com.apple.product-type.application";
		};
/* End PBXNativeTarget section */

/* Begin PBXProject section */
		B2DED42D27874778008BB8B5 /* Project object */ = {
			isa = PBXProject;
			attributes = {
				BuildIndependentTargetsInParallel = 1;
				LastSwiftUpdateCheck = 1320;
				LastUpgradeCheck = 1320;
				TargetAttributes = {
					B2DED43427874778008BB8B5 = {
						CreatedOnToolsVersion = 13.2.1;
					};
				};
			};
			buildConfigurationList = B2DED43027874778008BB8B5 /* Build configuration list for PBXProject "VK UI" */;
			compatibilityVersion = "Xcode 13.0";
			developmentRegion = en;
			hasScannedForEncodings = 0;
			knownRegions = (
				en,
				Base,
			);
			mainGroup = B2DED42C27874778008BB8B5;
			productRefGroup = B2DED43627874778008BB8B5 /* Products */;
			projectDirPath = "";
			projectRoot = "";
			targets = (
				B2DED43427874778008BB8B5 /* VK UI */,
			);
		};
/* End PBXProject section */

/* Begin PBXResourcesBuildPhase section */
		B2DED43327874778008BB8B5 /* Resources */ = {
			isa = PBXResourcesBuildPhase;
			buildActionMask = 2147483647;
			files = (
				B2DED4452787477A008BB8B5 /* LaunchScreen.storyboard in Resources */,
				B28A55092798573700E69C00 /* GalleryCollectionViewCell.xib in Resources */,
				B2DED4422787477A008BB8B5 /* Assets.xcassets in Resources */,
				B2DED44027874778008BB8B5 /* Main.storyboard in Resources */,
				B28A54E12796012B00E69C00 /* FriendsTableViewCell.xib in Resources */,
			);
			runOnlyForDeploymentPostprocessing = 0;
		};
/* End PBXResourcesBuildPhase section */

/* Begin PBXSourcesBuildPhase section */
		B2DED43127874778008BB8B5 /* Sources */ = {
			isa = PBXSourcesBuildPhase;
			buildActionMask = 2147483647;
			files = (
				B2726AB4279072D5008558D1 /* LoginViewController.swift in Sources */,
				B2A6636C279DF87700FFADB0 /* FriendsViewController+Delegate.swift in Sources */,
				B28A55082798573700E69C00 /* GalleryCollectionViewCell.swift in Sources */,
				B2DED43927874778008BB8B5 /* AppDelegate.swift in Sources */,
				B28A54F22796128900E69C00 /* Group.swift in Sources */,
				B2DED43B27874778008BB8B5 /* SceneDelegate.swift in Sources */,
				B2A66370279DF8F700FFADB0 /* FriendsViewController+DataFill.swift in Sources */,
				B28A54F82796152D00E69C00 /* AllGroupsViewController.swift in Sources */,
				B28A54F4279614EE00E69C00 /* FriendsViewController.swift in Sources */,
				B28A54E02796012B00E69C00 /* FriendsTableViewCell.swift in Sources */,
				B28A54FA2796153B00E69C00 /* GalleryViewController.swift in Sources */,
				B2A6636E279DF8BE00FFADB0 /* FriendsViewController+DataSource.swift in Sources */,
				B28A54F02796127A00E69C00 /* User.swift in Sources */,
				B26BE13327A44F9A00C978C9 /* AvatarView.swift in Sources */,
				B28A54F62796151700E69C00 /* UserGroupsViewController.swift in Sources */,
			);
			runOnlyForDeploymentPostprocessing = 0;
		};
/* End PBXSourcesBuildPhase section */

/* Begin PBXVariantGroup section */
		B2DED43E27874778008BB8B5 /* Main.storyboard */ = {
			isa = PBXVariantGroup;
			children = (
				B2DED43F27874778008BB8B5 /* Base */,
			);
			name = Main.storyboard;
			sourceTree = "<group>";
		};
		B2DED4432787477A008BB8B5 /* LaunchScreen.storyboard */ = {
			isa = PBXVariantGroup;
			children = (
				B2DED4442787477A008BB8B5 /* Base */,
			);
			name = LaunchScreen.storyboard;
			sourceTree = "<group>";
		};
/* End PBXVariantGroup section */

/* Begin XCBuildConfiguration section */
		B2DED4472787477A008BB8B5 /* Debug */ = {
			isa = XCBuildConfiguration;
			buildSettings = {
				ALWAYS_SEARCH_USER_PATHS = NO;
				CLANG_ANALYZER_NONNULL = YES;
				CLANG_ANALYZER_NUMBER_OBJECT_CONVERSION = YES_AGGRESSIVE;
				CLANG_CXX_LANGUAGE_STANDARD = "gnu++17";
				CLANG_CXX_LIBRARY = "libc++";
				CLANG_ENABLE_MODULES = YES;
				CLANG_ENABLE_OBJC_ARC = YES;
				CLANG_ENABLE_OBJC_WEAK = YES;
				CLANG_WARN_BLOCK_CAPTURE_AUTORELEASING = YES;
				CLANG_WARN_BOOL_CONVERSION = YES;
				CLANG_WARN_COMMA = YES;
				CLANG_WARN_CONSTANT_CONVERSION = YES;
				CLANG_WARN_DEPRECATED_OBJC_IMPLEMENTATIONS = YES;
				CLANG_WARN_DIRECT_OBJC_ISA_USAGE = YES_ERROR;
				CLANG_WARN_DOCUMENTATION_COMMENTS = YES;
				CLANG_WARN_EMPTY_BODY = YES;
				CLANG_WARN_ENUM_CONVERSION = YES;
				CLANG_WARN_INFINITE_RECURSION = YES;
				CLANG_WARN_INT_CONVERSION = YES;
				CLANG_WARN_NON_LITERAL_NULL_CONVERSION = YES;
				CLANG_WARN_OBJC_IMPLICIT_RETAIN_SELF = YES;
				CLANG_WARN_OBJC_LITERAL_CONVERSION = YES;
				CLANG_WARN_OBJC_ROOT_CLASS = YES_ERROR;
				CLANG_WARN_QUOTED_INCLUDE_IN_FRAMEWORK_HEADER = YES;
				CLANG_WARN_RANGE_LOOP_ANALYSIS = YES;
				CLANG_WARN_STRICT_PROTOTYPES = YES;
				CLANG_WARN_SUSPICIOUS_MOVE = YES;
				CLANG_WARN_UNGUARDED_AVAILABILITY = YES_AGGRESSIVE;
				CLANG_WARN_UNREACHABLE_CODE = YES;
				CLANG_WARN__DUPLICATE_METHOD_MATCH = YES;
				COPY_PHASE_STRIP = NO;
				DEBUG_INFORMATION_FORMAT = dwarf;
				ENABLE_STRICT_OBJC_MSGSEND = YES;
				ENABLE_TESTABILITY = YES;
				GCC_C_LANGUAGE_STANDARD = gnu11;
				GCC_DYNAMIC_NO_PIC = NO;
				GCC_NO_COMMON_BLOCKS = YES;
				GCC_OPTIMIZATION_LEVEL = 0;
				GCC_PREPROCESSOR_DEFINITIONS = (
					"DEBUG=1",
					"$(inherited)",
				);
				GCC_WARN_64_TO_32_BIT_CONVERSION = YES;
				GCC_WARN_ABOUT_RETURN_TYPE = YES_ERROR;
				GCC_WARN_UNDECLARED_SELECTOR = YES;
				GCC_WARN_UNINITIALIZED_AUTOS = YES_AGGRESSIVE;
				GCC_WARN_UNUSED_FUNCTION = YES;
				GCC_WARN_UNUSED_VARIABLE = YES;
				IPHONEOS_DEPLOYMENT_TARGET = 15.2;
				MTL_ENABLE_DEBUG_INFO = INCLUDE_SOURCE;
				MTL_FAST_MATH = YES;
				ONLY_ACTIVE_ARCH = YES;
				SDKROOT = iphoneos;
				SWIFT_ACTIVE_COMPILATION_CONDITIONS = DEBUG;
				SWIFT_OPTIMIZATION_LEVEL = "-Onone";
			};
			name = Debug;
		};
		B2DED4482787477A008BB8B5 /* Release */ = {
			isa = XCBuildConfiguration;
			buildSettings = {
				ALWAYS_SEARCH_USER_PATHS = NO;
				CLANG_ANALYZER_NONNULL = YES;
				CLANG_ANALYZER_NUMBER_OBJECT_CONVERSION = YES_AGGRESSIVE;
				CLANG_CXX_LANGUAGE_STANDARD = "gnu++17";
				CLANG_CXX_LIBRARY = "libc++";
				CLANG_ENABLE_MODULES = YES;
				CLANG_ENABLE_OBJC_ARC = YES;
				CLANG_ENABLE_OBJC_WEAK = YES;
				CLANG_WARN_BLOCK_CAPTURE_AUTORELEASING = YES;
				CLANG_WARN_BOOL_CONVERSION = YES;
				CLANG_WARN_COMMA = YES;
				CLANG_WARN_CONSTANT_CONVERSION = YES;
				CLANG_WARN_DEPRECATED_OBJC_IMPLEMENTATIONS = YES;
				CLANG_WARN_DIRECT_OBJC_ISA_USAGE = YES_ERROR;
				CLANG_WARN_DOCUMENTATION_COMMENTS = YES;
				CLANG_WARN_EMPTY_BODY = YES;
				CLANG_WARN_ENUM_CONVERSION = YES;
				CLANG_WARN_INFINITE_RECURSION = YES;
				CLANG_WARN_INT_CONVERSION = YES;
				CLANG_WARN_NON_LITERAL_NULL_CONVERSION = YES;
				CLANG_WARN_OBJC_IMPLICIT_RETAIN_SELF = YES;
				CLANG_WARN_OBJC_LITERAL_CONVERSION = YES;
				CLANG_WARN_OBJC_ROOT_CLASS = YES_ERROR;
				CLANG_WARN_QUOTED_INCLUDE_IN_FRAMEWORK_HEADER = YES;
				CLANG_WARN_RANGE_LOOP_ANALYSIS = YES;
				CLANG_WARN_STRICT_PROTOTYPES = YES;
				CLANG_WARN_SUSPICIOUS_MOVE = YES;
				CLANG_WARN_UNGUARDED_AVAILABILITY = YES_AGGRESSIVE;
				CLANG_WARN_UNREACHABLE_CODE = YES;
				CLANG_WARN__DUPLICATE_METHOD_MATCH = YES;
				COPY_PHASE_STRIP = NO;
				DEBUG_INFORMATION_FORMAT = "dwarf-with-dsym";
				ENABLE_NS_ASSERTIONS = NO;
				ENABLE_STRICT_OBJC_MSGSEND = YES;
				GCC_C_LANGUAGE_STANDARD = gnu11;
				GCC_NO_COMMON_BLOCKS = YES;
				GCC_WARN_64_TO_32_BIT_CONVERSION = YES;
				GCC_WARN_ABOUT_RETURN_TYPE = YES_ERROR;
				GCC_WARN_UNDECLARED_SELECTOR = YES;
				GCC_WARN_UNINITIALIZED_AUTOS = YES_AGGRESSIVE;
				GCC_WARN_UNUSED_FUNCTION = YES;
				GCC_WARN_UNUSED_VARIABLE = YES;
				IPHONEOS_DEPLOYMENT_TARGET = 15.2;
				MTL_ENABLE_DEBUG_INFO = NO;
				MTL_FAST_MATH = YES;
				SDKROOT = iphoneos;
				SWIFT_COMPILATION_MODE = wholemodule;
				SWIFT_OPTIMIZATION_LEVEL = "-O";
				VALIDATE_PRODUCT = YES;
			};
			name = Release;
		};
		B2DED44A2787477A008BB8B5 /* Debug */ = {
			isa = XCBuildConfiguration;
			buildSettings = {
				ASSETCATALOG_COMPILER_APPICON_NAME = AppIcon;
				ASSETCATALOG_COMPILER_GLOBAL_ACCENT_COLOR_NAME = AccentColor;
				CODE_SIGN_STYLE = Automatic;
				CURRENT_PROJECT_VERSION = 1;
				DEVELOPMENT_TEAM = V39395A3DV;
				GENERATE_INFOPLIST_FILE = YES;
				INFOPLIST_FILE = "VK UI/Info.plist";
				INFOPLIST_KEY_UIApplicationSupportsIndirectInputEvents = YES;
				INFOPLIST_KEY_UILaunchStoryboardName = LaunchScreen;
				INFOPLIST_KEY_UIMainStoryboardFile = Main;
				INFOPLIST_KEY_UISupportedInterfaceOrientations = UIInterfaceOrientationPortrait;
				INFOPLIST_KEY_UISupportedInterfaceOrientations_iPad = "UIInterfaceOrientationPortrait UIInterfaceOrientationPortraitUpsideDown UIInterfaceOrientationLandscapeLeft UIInterfaceOrientationLandscapeRight";
				INFOPLIST_KEY_UISupportedInterfaceOrientations_iPhone = "UIInterfaceOrientationPortrait UIInterfaceOrientationLandscapeLeft UIInterfaceOrientationLandscapeRight";
				LD_RUNPATH_SEARCH_PATHS = (
					"$(inherited)",
					"@executable_path/Frameworks",
				);
				MARKETING_VERSION = 1.0;
				PRODUCT_BUNDLE_IDENTIFIER = "com.avokisol.VK-UI";
				PRODUCT_NAME = "$(TARGET_NAME)";
				SWIFT_EMIT_LOC_STRINGS = YES;
				SWIFT_VERSION = 5.0;
				TARGETED_DEVICE_FAMILY = "1,2";
			};
			name = Debug;
		};
		B2DED44B2787477A008BB8B5 /* Release */ = {
			isa = XCBuildConfiguration;
			buildSettings = {
				ASSETCATALOG_COMPILER_APPICON_NAME = AppIcon;
				ASSETCATALOG_COMPILER_GLOBAL_ACCENT_COLOR_NAME = AccentColor;
				CODE_SIGN_STYLE = Automatic;
				CURRENT_PROJECT_VERSION = 1;
				DEVELOPMENT_TEAM = V39395A3DV;
				GENERATE_INFOPLIST_FILE = YES;
				INFOPLIST_FILE = "VK UI/Info.plist";
				INFOPLIST_KEY_UIApplicationSupportsIndirectInputEvents = YES;
				INFOPLIST_KEY_UILaunchStoryboardName = LaunchScreen;
				INFOPLIST_KEY_UIMainStoryboardFile = Main;
				INFOPLIST_KEY_UISupportedInterfaceOrientations = UIInterfaceOrientationPortrait;
				INFOPLIST_KEY_UISupportedInterfaceOrientations_iPad = "UIInterfaceOrientationPortrait UIInterfaceOrientationPortraitUpsideDown UIInterfaceOrientationLandscapeLeft UIInterfaceOrientationLandscapeRight";
				INFOPLIST_KEY_UISupportedInterfaceOrientations_iPhone = "UIInterfaceOrientationPortrait UIInterfaceOrientationLandscapeLeft UIInterfaceOrientationLandscapeRight";
				LD_RUNPATH_SEARCH_PATHS = (
					"$(inherited)",
					"@executable_path/Frameworks",
				);
				MARKETING_VERSION = 1.0;
				PRODUCT_BUNDLE_IDENTIFIER = "com.avokisol.VK-UI";
				PRODUCT_NAME = "$(TARGET_NAME)";
				SWIFT_EMIT_LOC_STRINGS = YES;
				SWIFT_VERSION = 5.0;
				TARGETED_DEVICE_FAMILY = "1,2";
			};
			name = Release;
		};
/* End XCBuildConfiguration section */

/* Begin XCConfigurationList section */
		B2DED43027874778008BB8B5 /* Build configuration list for PBXProject "VK UI" */ = {
			isa = XCConfigurationList;
			buildConfigurations = (
				B2DED4472787477A008BB8B5 /* Debug */,
				B2DED4482787477A008BB8B5 /* Release */,
			);
			defaultConfigurationIsVisible = 0;
			defaultConfigurationName = Release;
		};
		B2DED4492787477A008BB8B5 /* Build configuration list for PBXNativeTarget "VK UI" */ = {
			isa = XCConfigurationList;
			buildConfigurations = (
				B2DED44A2787477A008BB8B5 /* Debug */,
				B2DED44B2787477A008BB8B5 /* Release */,
			);
			defaultConfigurationIsVisible = 0;
			defaultConfigurationName = Release;
		};
/* End XCConfigurationList section */
	};
	rootObject = B2DED42D27874778008BB8B5 /* Project object */;
}
